
Microsoft Visual Studio Solution File, Format Version 12.00
# Visual Studio Version 17
VisualStudioVersion = 17.6.33723.286
MinimumVisualStudioVersion = 10.0.40219.1
Project("{FAE04EC0-301F-11D3-BF4B-00C04F79EFBC}") = "01Lambda", "01Lambda\01Lambda.csproj", "{84FC817E-4193-4E68-9693-61F3CF67FD4A}"
EndProject
Project("{FAE04EC0-301F-11D3-BF4B-00C04F79EFBC}") = "02Delegati", "02Delegati\02Delegati.csproj", "{43AB50EC-904E-402B-A101-6B692DB0BE1C}"
EndProject
Project("{FAE04EC0-301F-11D3-BF4B-00C04F79EFBC}") = "03Ekstenzije", "03Ekstenzije\03Ekstenzije.csproj", "{1F832854-07CD-4BBE-94E8-24008124DB5D}"
EndProject
Global
	GlobalSection(SolutionConfigurationPlatforms) = preSolution
		Debug|Any CPU = Debug|Any CPU
		Release|Any CPU = Release|Any CPU
	EndGlobalSection
	GlobalSection(ProjectConfigurationPlatforms) = postSolution
		{84FC817E-4193-4E68-9693-61F3CF67FD4A}.Debug|Any CPU.ActiveCfg = Debug|Any CPU
		{84FC817E-4193-4E68-9693-61F3CF67FD4A}.Debug|Any CPU.Build.0 = Debug|Any CPU
		{84FC817E-4193-4E68-9693-61F3CF67FD4A}.Release|Any CPU.ActiveCfg = Release|Any CPU
		{84FC817E-4193-4E68-9693-61F3CF67FD4A}.Release|Any CPU.Build.0 = Release|Any CPU
		{43AB50EC-904E-402B-A101-6B692DB0BE1C}.Debug|Any CPU.ActiveCfg = Debug|Any CPU
		{43AB50EC-904E-402B-A101-6B692DB0BE1C}.Debug|Any CPU.Build.0 = Debug|Any CPU
		{43AB50EC-904E-402B-A101-6B692DB0BE1C}.Release|Any CPU.ActiveCfg = Release|Any CPU
		{43AB50EC-904E-402B-A101-6B692DB0BE1C}.Release|Any CPU.Build.0 = Release|Any CPU
		{1F832854-07CD-4BBE-94E8-24008124DB5D}.Debug|Any CPU.ActiveCfg = Debug|Any CPU
		{1F832854-07CD-4BBE-94E8-24008124DB5D}.Debug|Any CPU.Build.0 = Debug|Any CPU
		{1F832854-07CD-4BBE-94E8-24008124DB5D}.Release|Any CPU.ActiveCfg = Release|Any CPU
		{1F832854-07CD-4BBE-94E8-24008124DB5D}.Release|Any CPU.Build.0 = Release|Any CPU
	EndGlobalSection
	GlobalSection(SolutionProperties) = preSolution
		HideSolutionNode = FALSE
	EndGlobalSection
	GlobalSection(ExtensibilityGlobals) = postSolution
		SolutionGuid = {47DBA5F7-7F1A-4FA8-BB85-8056DBC3BD9E}
	EndGlobalSection
EndGlobal
