
Microsoft Visual Studio Solution File, Format Version 12.00
# Visual Studio Version 17
VisualStudioVersion = 17.6.33723.286
MinimumVisualStudioVersion = 10.0.40219.1
Project("{FAE04EC0-301F-11D3-BF4B-00C04F79EFBC}") = "MassageParlor", "MassageParlor\MassageParlor.csproj", "{E6331215-DB0B-487F-8872-8D1A2A5E987E}"
EndProject
Global
	GlobalSection(SolutionConfigurationPlatforms) = preSolution
		Debug|Any CPU = Debug|Any CPU
		Release|Any CPU = Release|Any CPU
	EndGlobalSection
	GlobalSection(ProjectConfigurationPlatforms) = postSolution
		{E6331215-DB0B-487F-8872-8D1A2A5E987E}.Debug|Any CPU.ActiveCfg = Debug|Any CPU
		{E6331215-DB0B-487F-8872-8D1A2A5E987E}.Debug|Any CPU.Build.0 = Debug|Any CPU
		{E6331215-DB0B-487F-8872-8D1A2A5E987E}.Release|Any CPU.ActiveCfg = Release|Any CPU
		{E6331215-DB0B-487F-8872-8D1A2A5E987E}.Release|Any CPU.Build.0 = Release|Any CPU
	EndGlobalSection
	GlobalSection(SolutionProperties) = preSolution
		HideSolutionNode = FALSE
	EndGlobalSection
	GlobalSection(ExtensibilityGlobals) = postSolution
		SolutionGuid = {86F4597A-BCCB-4A31-8691-4855464609BB}
	EndGlobalSection
EndGlobal
