
Microsoft Visual Studio Solution File, Format Version 12.00
# Visual Studio Version 17
VisualStudioVersion = 17.6.33723.286
MinimumVisualStudioVersion = 10.0.40219.1
Project("{FAE04EC0-301F-11D3-BF4B-00C04F79EFBC}") = "E01Nasljedivanje", "E01Nasljedivanje\E01Nasljedivanje.csproj", "{7CED0440-C9E8-46D6-8B3F-B8DF9687CE48}"
EndProject
Global
	GlobalSection(SolutionConfigurationPlatforms) = preSolution
		Debug|Any CPU = Debug|Any CPU
		Release|Any CPU = Release|Any CPU
	EndGlobalSection
	GlobalSection(ProjectConfigurationPlatforms) = postSolution
		{7CED0440-C9E8-46D6-8B3F-B8DF9687CE48}.Debug|Any CPU.ActiveCfg = Debug|Any CPU
		{7CED0440-C9E8-46D6-8B3F-B8DF9687CE48}.Debug|Any CPU.Build.0 = Debug|Any CPU
		{7CED0440-C9E8-46D6-8B3F-B8DF9687CE48}.Release|Any CPU.ActiveCfg = Release|Any CPU
		{7CED0440-C9E8-46D6-8B3F-B8DF9687CE48}.Release|Any CPU.Build.0 = Release|Any CPU
	EndGlobalSection
	GlobalSection(SolutionProperties) = preSolution
		HideSolutionNode = FALSE
	EndGlobalSection
	GlobalSection(ExtensibilityGlobals) = postSolution
		SolutionGuid = {F5586842-3C5F-483D-88BC-243E45466610}
	EndGlobalSection
EndGlobal
