
Microsoft Visual Studio Solution File, Format Version 12.00
# Visual Studio Version 17
VisualStudioVersion = 17.6.33723.286
MinimumVisualStudioVersion = 10.0.40219.1
Project("{FAE04EC0-301F-11D3-BF4B-00C04F79EFBC}") = "E01Metode", "Practice04\E01Metode.csproj", "{3E11CA61-5EDC-4D26-8605-04C9E44B06D0}"
EndProject
Project("{FAE04EC0-301F-11D3-BF4B-00C04F79EFBC}") = "ZajednickeMetode", "ZajednickeMetode\ZajednickeMetode.csproj", "{66931F82-328C-4711-83C8-39E7E9565919}"
EndProject
Project("{FAE04EC0-301F-11D3-BF4B-00C04F79EFBC}") = "E02TryCatch", "E02\E02TryCatch.csproj", "{88E0578E-D7B2-414D-ABD6-C28E7A6D5F33}"
EndProject
Global
	GlobalSection(SolutionConfigurationPlatforms) = preSolution
		Debug|Any CPU = Debug|Any CPU
		Release|Any CPU = Release|Any CPU
	EndGlobalSection
	GlobalSection(ProjectConfigurationPlatforms) = postSolution
		{3E11CA61-5EDC-4D26-8605-04C9E44B06D0}.Debug|Any CPU.ActiveCfg = Debug|Any CPU
		{3E11CA61-5EDC-4D26-8605-04C9E44B06D0}.Debug|Any CPU.Build.0 = Debug|Any CPU
		{3E11CA61-5EDC-4D26-8605-04C9E44B06D0}.Release|Any CPU.ActiveCfg = Release|Any CPU
		{3E11CA61-5EDC-4D26-8605-04C9E44B06D0}.Release|Any CPU.Build.0 = Release|Any CPU
		{66931F82-328C-4711-83C8-39E7E9565919}.Debug|Any CPU.ActiveCfg = Debug|Any CPU
		{66931F82-328C-4711-83C8-39E7E9565919}.Debug|Any CPU.Build.0 = Debug|Any CPU
		{66931F82-328C-4711-83C8-39E7E9565919}.Release|Any CPU.ActiveCfg = Release|Any CPU
		{66931F82-328C-4711-83C8-39E7E9565919}.Release|Any CPU.Build.0 = Release|Any CPU
		{88E0578E-D7B2-414D-ABD6-C28E7A6D5F33}.Debug|Any CPU.ActiveCfg = Debug|Any CPU
		{88E0578E-D7B2-414D-ABD6-C28E7A6D5F33}.Debug|Any CPU.Build.0 = Debug|Any CPU
		{88E0578E-D7B2-414D-ABD6-C28E7A6D5F33}.Release|Any CPU.ActiveCfg = Release|Any CPU
		{88E0578E-D7B2-414D-ABD6-C28E7A6D5F33}.Release|Any CPU.Build.0 = Release|Any CPU
	EndGlobalSection
	GlobalSection(SolutionProperties) = preSolution
		HideSolutionNode = FALSE
	EndGlobalSection
	GlobalSection(ExtensibilityGlobals) = postSolution
		SolutionGuid = {FA6900BA-CD1D-46C3-86BA-F5A271DA456D}
	EndGlobalSection
EndGlobal
