
Microsoft Visual Studio Solution File, Format Version 12.00
# Visual Studio Version 17
VisualStudioVersion = 17.6.33723.286
MinimumVisualStudioVersion = 10.0.40219.1
Project("{FAE04EC0-301F-11D3-BF4B-00C04F79EFBC}") = "Project01", "Practice04\Project01.csproj", "{BA792BC6-21D4-4554-BDDC-5ED838FF7EAC}"
EndProject
Project("{FAE04EC0-301F-11D3-BF4B-00C04F79EFBC}") = "Project02", "Project02\Project02.csproj", "{FBD2420E-99C0-4CF2-81CD-73F61736692D}"
EndProject
Project("{FAE04EC0-301F-11D3-BF4B-00C04F79EFBC}") = "Project03", "Project03\Project03.csproj", "{4CA711BE-2674-4604-9093-E77CB4DBB429}"
EndProject
Global
	GlobalSection(SolutionConfigurationPlatforms) = preSolution
		Debug|Any CPU = Debug|Any CPU
		Release|Any CPU = Release|Any CPU
	EndGlobalSection
	GlobalSection(ProjectConfigurationPlatforms) = postSolution
		{BA792BC6-21D4-4554-BDDC-5ED838FF7EAC}.Debug|Any CPU.ActiveCfg = Debug|Any CPU
		{BA792BC6-21D4-4554-BDDC-5ED838FF7EAC}.Debug|Any CPU.Build.0 = Debug|Any CPU
		{BA792BC6-21D4-4554-BDDC-5ED838FF7EAC}.Release|Any CPU.ActiveCfg = Release|Any CPU
		{BA792BC6-21D4-4554-BDDC-5ED838FF7EAC}.Release|Any CPU.Build.0 = Release|Any CPU
		{FBD2420E-99C0-4CF2-81CD-73F61736692D}.Debug|Any CPU.ActiveCfg = Debug|Any CPU
		{FBD2420E-99C0-4CF2-81CD-73F61736692D}.Debug|Any CPU.Build.0 = Debug|Any CPU
		{FBD2420E-99C0-4CF2-81CD-73F61736692D}.Release|Any CPU.ActiveCfg = Release|Any CPU
		{FBD2420E-99C0-4CF2-81CD-73F61736692D}.Release|Any CPU.Build.0 = Release|Any CPU
		{4CA711BE-2674-4604-9093-E77CB4DBB429}.Debug|Any CPU.ActiveCfg = Debug|Any CPU
		{4CA711BE-2674-4604-9093-E77CB4DBB429}.Debug|Any CPU.Build.0 = Debug|Any CPU
		{4CA711BE-2674-4604-9093-E77CB4DBB429}.Release|Any CPU.ActiveCfg = Release|Any CPU
		{4CA711BE-2674-4604-9093-E77CB4DBB429}.Release|Any CPU.Build.0 = Release|Any CPU
	EndGlobalSection
	GlobalSection(SolutionProperties) = preSolution
		HideSolutionNode = FALSE
	EndGlobalSection
	GlobalSection(ExtensibilityGlobals) = postSolution
		SolutionGuid = {B8C5BD22-4C08-4869-8E97-7B107D693283}
	EndGlobalSection
EndGlobal
