
Microsoft Visual Studio Solution File, Format Version 12.00
# Visual Studio Version 17
VisualStudioVersion = 17.6.33723.286
MinimumVisualStudioVersion = 10.0.40219.1
Project("{FAE04EC0-301F-11D3-BF4B-00C04F79EFBC}") = "HelloWorld", "HelloWorld\HelloWorld.csproj", "{3FC86739-F258-4D45-8C52-B961E9369CC1}"
EndProject
Global
	GlobalSection(SolutionConfigurationPlatforms) = preSolution
		Debug|Any CPU = Debug|Any CPU
		Release|Any CPU = Release|Any CPU
	EndGlobalSection
	GlobalSection(ProjectConfigurationPlatforms) = postSolution
		{3FC86739-F258-4D45-8C52-B961E9369CC1}.Debug|Any CPU.ActiveCfg = Debug|Any CPU
		{3FC86739-F258-4D45-8C52-B961E9369CC1}.Debug|Any CPU.Build.0 = Debug|Any CPU
		{3FC86739-F258-4D45-8C52-B961E9369CC1}.Release|Any CPU.ActiveCfg = Release|Any CPU
		{3FC86739-F258-4D45-8C52-B961E9369CC1}.Release|Any CPU.Build.0 = Release|Any CPU
	EndGlobalSection
	GlobalSection(SolutionProperties) = preSolution
		HideSolutionNode = FALSE
	EndGlobalSection
	GlobalSection(ExtensibilityGlobals) = postSolution
		SolutionGuid = {39EBCB38-D9AE-48F9-9B52-22EC1060B7B2}
	EndGlobalSection
EndGlobal
