
Microsoft Visual Studio Solution File, Format Version 12.00
# Visual Studio Version 17
VisualStudioVersion = 17.6.33723.286
MinimumVisualStudioVersion = 10.0.40219.1
Project("{FAE04EC0-301F-11D3-BF4B-00C04F79EFBC}") = "Practice02", "Practice02\Practice02.csproj", "{65C87802-6E51-42E0-BD30-25AECE912557}"
EndProject
Global
	GlobalSection(SolutionConfigurationPlatforms) = preSolution
		Debug|Any CPU = Debug|Any CPU
		Release|Any CPU = Release|Any CPU
	EndGlobalSection
	GlobalSection(ProjectConfigurationPlatforms) = postSolution
		{65C87802-6E51-42E0-BD30-25AECE912557}.Debug|Any CPU.ActiveCfg = Debug|Any CPU
		{65C87802-6E51-42E0-BD30-25AECE912557}.Debug|Any CPU.Build.0 = Debug|Any CPU
		{65C87802-6E51-42E0-BD30-25AECE912557}.Release|Any CPU.ActiveCfg = Release|Any CPU
		{65C87802-6E51-42E0-BD30-25AECE912557}.Release|Any CPU.Build.0 = Release|Any CPU
	EndGlobalSection
	GlobalSection(SolutionProperties) = preSolution
		HideSolutionNode = FALSE
	EndGlobalSection
	GlobalSection(ExtensibilityGlobals) = postSolution
		SolutionGuid = {E656271B-5690-47E6-84E0-3F0483CC6F4C}
	EndGlobalSection
EndGlobal
