
Microsoft Visual Studio Solution File, Format Version 12.00
# Visual Studio Version 17
VisualStudioVersion = 17.6.33723.286
MinimumVisualStudioVersion = 10.0.40219.1
Project("{9A19103F-16F7-4668-BE54-9A1E7A4F7556}") = "Project01", "Practice01\Project01.csproj", "{EF6943B8-DEB5-45F7-81CD-2D50D9B13DB3}"
EndProject
Project("{FAE04EC0-301F-11D3-BF4B-00C04F79EFBC}") = "Project02", "Project02\Project02.csproj", "{969090FE-88D2-480A-8FDE-9A1B4CD231C8}"
EndProject
Project("{FAE04EC0-301F-11D3-BF4B-00C04F79EFBC}") = "Practice03", "Practice03\Practice03.csproj", "{13058C46-7B45-4EB6-B321-D0DF1C734791}"
EndProject
Project("{FAE04EC0-301F-11D3-BF4B-00C04F79EFBC}") = "Project04", "Project04\Project04.csproj", "{2168CA28-4ED7-4BEA-85F4-1696294A444F}"
EndProject
Project("{FAE04EC0-301F-11D3-BF4B-00C04F79EFBC}") = "Project05", "Project05\Project05.csproj", "{8138C577-B7A1-4C70-BC7F-B99D5471654E}"
EndProject
Global
	GlobalSection(SolutionConfigurationPlatforms) = preSolution
		Debug|Any CPU = Debug|Any CPU
		Release|Any CPU = Release|Any CPU
	EndGlobalSection
	GlobalSection(ProjectConfigurationPlatforms) = postSolution
		{EF6943B8-DEB5-45F7-81CD-2D50D9B13DB3}.Debug|Any CPU.ActiveCfg = Debug|Any CPU
		{EF6943B8-DEB5-45F7-81CD-2D50D9B13DB3}.Debug|Any CPU.Build.0 = Debug|Any CPU
		{EF6943B8-DEB5-45F7-81CD-2D50D9B13DB3}.Release|Any CPU.ActiveCfg = Release|Any CPU
		{EF6943B8-DEB5-45F7-81CD-2D50D9B13DB3}.Release|Any CPU.Build.0 = Release|Any CPU
		{969090FE-88D2-480A-8FDE-9A1B4CD231C8}.Debug|Any CPU.ActiveCfg = Debug|Any CPU
		{969090FE-88D2-480A-8FDE-9A1B4CD231C8}.Debug|Any CPU.Build.0 = Debug|Any CPU
		{969090FE-88D2-480A-8FDE-9A1B4CD231C8}.Release|Any CPU.ActiveCfg = Release|Any CPU
		{969090FE-88D2-480A-8FDE-9A1B4CD231C8}.Release|Any CPU.Build.0 = Release|Any CPU
		{13058C46-7B45-4EB6-B321-D0DF1C734791}.Debug|Any CPU.ActiveCfg = Debug|Any CPU
		{13058C46-7B45-4EB6-B321-D0DF1C734791}.Debug|Any CPU.Build.0 = Debug|Any CPU
		{13058C46-7B45-4EB6-B321-D0DF1C734791}.Release|Any CPU.ActiveCfg = Release|Any CPU
		{13058C46-7B45-4EB6-B321-D0DF1C734791}.Release|Any CPU.Build.0 = Release|Any CPU
		{2168CA28-4ED7-4BEA-85F4-1696294A444F}.Debug|Any CPU.ActiveCfg = Debug|Any CPU
		{2168CA28-4ED7-4BEA-85F4-1696294A444F}.Debug|Any CPU.Build.0 = Debug|Any CPU
		{2168CA28-4ED7-4BEA-85F4-1696294A444F}.Release|Any CPU.ActiveCfg = Release|Any CPU
		{2168CA28-4ED7-4BEA-85F4-1696294A444F}.Release|Any CPU.Build.0 = Release|Any CPU
		{8138C577-B7A1-4C70-BC7F-B99D5471654E}.Debug|Any CPU.ActiveCfg = Debug|Any CPU
		{8138C577-B7A1-4C70-BC7F-B99D5471654E}.Debug|Any CPU.Build.0 = Debug|Any CPU
		{8138C577-B7A1-4C70-BC7F-B99D5471654E}.Release|Any CPU.ActiveCfg = Release|Any CPU
		{8138C577-B7A1-4C70-BC7F-B99D5471654E}.Release|Any CPU.Build.0 = Release|Any CPU
	EndGlobalSection
	GlobalSection(SolutionProperties) = preSolution
		HideSolutionNode = FALSE
	EndGlobalSection
	GlobalSection(ExtensibilityGlobals) = postSolution
		SolutionGuid = {FBFD36C5-6380-4F9B-9F3B-827ED3F81371}
	EndGlobalSection
EndGlobal
